
Microsoft Visual Studio Solution File, Format Version 12.00
# Visual Studio Version 17
VisualStudioVersion = 17.4.33213.308
MinimumVisualStudioVersion = 10.0.40219.1
Project("{FAE04EC0-301F-11D3-BF4B-00C04F79EFBC}") = "JogarDados", "JogarDados\JogarDados.csproj", "{877B8B00-9F01-4380-A527-236B5CB4BD95}"
EndProject
Global
	GlobalSection(SolutionConfigurationPlatforms) = preSolution
		Debug|Any CPU = Debug|Any CPU
		Release|Any CPU = Release|Any CPU
	EndGlobalSection
	GlobalSection(ProjectConfigurationPlatforms) = postSolution
		{877B8B00-9F01-4380-A527-236B5CB4BD95}.Debug|Any CPU.ActiveCfg = Debug|Any CPU
		{877B8B00-9F01-4380-A527-236B5CB4BD95}.Debug|Any CPU.Build.0 = Debug|Any CPU
		{877B8B00-9F01-4380-A527-236B5CB4BD95}.Release|Any CPU.ActiveCfg = Release|Any CPU
		{877B8B00-9F01-4380-A527-236B5CB4BD95}.Release|Any CPU.Build.0 = Release|Any CPU
	EndGlobalSection
	GlobalSection(SolutionProperties) = preSolution
		HideSolutionNode = FALSE
	EndGlobalSection
	GlobalSection(ExtensibilityGlobals) = postSolution
		SolutionGuid = {ADF7BA3F-321D-4F32-8237-B5710290D4F6}
	EndGlobalSection
EndGlobal
